{
  "originHash" : "a27bcf38e313a298d00fd67600cee3042f42fc9d1cb5caa1062740eda23c88e0",
  "pins" : [
    {
      "identity" : "pulltorefreshswiftui",
      "kind" : "remoteSourceControl",
      "location" : "https://github.com/shakurocom/PullToRefreshSwiftUI",
      "state" : {
        "revision" : "9e1eb22e5f035db5dd781ad0d2aad371eb2f787b",
        "version" : "1.6.5"
      }
    },
    {
      "identity" : "swinject",
      "kind" : "remoteSourceControl",
      "location" : "https://github.com/Swinject/Swinject.git",
      "state" : {
        "revision" : "b685b549fe4d8ae265fc7a2f27d0789720425d69",
        "version" : "2.10.0"
      }
    }
  ],
  "version" : 3
}
